
Microsoft Visual Studio Solution File, Format Version 12.00
# Visual Studio Version 17
VisualStudioVersion = 17.9.34728.123
MinimumVisualStudioVersion = 10.0.40219.1
Project("{FAE04EC0-301F-11D3-BF4B-00C04F79EFBC}") = "PerformanceViewer", "PerformanceViewer.csproj", "{4BE5DA4A-04B7-46FA-9736-765B993EE06A}"
EndProject
Global
	GlobalSection(SolutionConfigurationPlatforms) = preSolution
		Debug|Any CPU = Debug|Any CPU
		Release|Any CPU = Release|Any CPU
	EndGlobalSection
	GlobalSection(ProjectConfigurationPlatforms) = postSolution
		{4BE5DA4A-04B7-46FA-9736-765B993EE06A}.Debug|Any CPU.ActiveCfg = Debug|Any CPU
		{4BE5DA4A-04B7-46FA-9736-765B993EE06A}.Debug|Any CPU.Build.0 = Debug|Any CPU
		{4BE5DA4A-04B7-46FA-9736-765B993EE06A}.Release|Any CPU.ActiveCfg = Release|Any CPU
		{4BE5DA4A-04B7-46FA-9736-765B993EE06A}.Release|Any CPU.Build.0 = Release|Any CPU
	EndGlobalSection
	GlobalSection(SolutionProperties) = preSolution
		HideSolutionNode = FALSE
	EndGlobalSection
	GlobalSection(ExtensibilityGlobals) = postSolution
		SolutionGuid = {1C3BAFAC-1D32-4665-915C-710A13BE38BE}
	EndGlobalSection
EndGlobal
